
Microsoft Visual Studio Solution File, Format Version 12.00
# Visual Studio Version 17
VisualStudioVersion = 17.4.33122.133
MinimumVisualStudioVersion = 10.0.40219.1
Project("{FAE04EC0-301F-11D3-BF4B-00C04F79EFBC}") = "GitActionDemo", "GitActionDemo.csproj", "{F87148E1-3740-4497-A015-920C4C5818F0}"
EndProject
Global
	GlobalSection(SolutionConfigurationPlatforms) = preSolution
		Debug|Any CPU = Debug|Any CPU
		Release|Any CPU = Release|Any CPU
	EndGlobalSection
	GlobalSection(ProjectConfigurationPlatforms) = postSolution
		{F87148E1-3740-4497-A015-920C4C5818F0}.Debug|Any CPU.ActiveCfg = Debug|Any CPU
		{F87148E1-3740-4497-A015-920C4C5818F0}.Debug|Any CPU.Build.0 = Debug|Any CPU
		{F87148E1-3740-4497-A015-920C4C5818F0}.Release|Any CPU.ActiveCfg = Release|Any CPU
		{F87148E1-3740-4497-A015-920C4C5818F0}.Release|Any CPU.Build.0 = Release|Any CPU
	EndGlobalSection
	GlobalSection(SolutionProperties) = preSolution
		HideSolutionNode = FALSE
	EndGlobalSection
	GlobalSection(ExtensibilityGlobals) = postSolution
		SolutionGuid = {F73D0443-15E4-4EC1-84B9-D18D0DFA90F2}
	EndGlobalSection
EndGlobal
